
Microsoft Visual Studio Solution File, Format Version 12.00
Project("{FAE04EC0-301F-11D3-BF4B-00C04F79EFBC}") = "Eficek.Gtfs", "Eficek.Gtfs\Eficek.Gtfs.csproj", "{62348630-F7C7-422B-A424-8618B3B5FBA0}"
EndProject
Project("{FAE04EC0-301F-11D3-BF4B-00C04F79EFBC}") = "Eficek", "Eficek\Eficek.csproj", "{38520872-1379-49CD-9E3B-4E2B447D0006}"
EndProject
Project("{FAE04EC0-301F-11D3-BF4B-00C04F79EFBC}") = "Eficek.Gtfs.Tests", "Eficek.Gtfs.Tests\Eficek.Gtfs.Tests.csproj", "{B745C74A-E342-4452-A9D3-0EAD8F1268D2}"
EndProject
Project("{FAE04EC0-301F-11D3-BF4B-00C04F79EFBC}") = "Eficek.Database", "Eficek.Database\Eficek.Database.csproj", "{92C4B148-5531-4509-9A6A-CD39BBDC105A}"
EndProject
Global
	GlobalSection(SolutionConfigurationPlatforms) = preSolution
		Debug|Any CPU = Debug|Any CPU
		Release|Any CPU = Release|Any CPU
	EndGlobalSection
	GlobalSection(ProjectConfigurationPlatforms) = postSolution
		{62348630-F7C7-422B-A424-8618B3B5FBA0}.Debug|Any CPU.ActiveCfg = Debug|Any CPU
		{62348630-F7C7-422B-A424-8618B3B5FBA0}.Debug|Any CPU.Build.0 = Debug|Any CPU
		{62348630-F7C7-422B-A424-8618B3B5FBA0}.Release|Any CPU.ActiveCfg = Release|Any CPU
		{62348630-F7C7-422B-A424-8618B3B5FBA0}.Release|Any CPU.Build.0 = Release|Any CPU
		{38520872-1379-49CD-9E3B-4E2B447D0006}.Debug|Any CPU.ActiveCfg = Debug|Any CPU
		{38520872-1379-49CD-9E3B-4E2B447D0006}.Debug|Any CPU.Build.0 = Debug|Any CPU
		{38520872-1379-49CD-9E3B-4E2B447D0006}.Release|Any CPU.ActiveCfg = Release|Any CPU
		{38520872-1379-49CD-9E3B-4E2B447D0006}.Release|Any CPU.Build.0 = Release|Any CPU
		{B745C74A-E342-4452-A9D3-0EAD8F1268D2}.Debug|Any CPU.ActiveCfg = Debug|Any CPU
		{B745C74A-E342-4452-A9D3-0EAD8F1268D2}.Debug|Any CPU.Build.0 = Debug|Any CPU
		{B745C74A-E342-4452-A9D3-0EAD8F1268D2}.Release|Any CPU.ActiveCfg = Release|Any CPU
		{B745C74A-E342-4452-A9D3-0EAD8F1268D2}.Release|Any CPU.Build.0 = Release|Any CPU
		{92C4B148-5531-4509-9A6A-CD39BBDC105A}.Debug|Any CPU.ActiveCfg = Debug|Any CPU
		{92C4B148-5531-4509-9A6A-CD39BBDC105A}.Debug|Any CPU.Build.0 = Debug|Any CPU
		{92C4B148-5531-4509-9A6A-CD39BBDC105A}.Release|Any CPU.ActiveCfg = Release|Any CPU
		{92C4B148-5531-4509-9A6A-CD39BBDC105A}.Release|Any CPU.Build.0 = Release|Any CPU
	EndGlobalSection
EndGlobal
